// !$*UTF8*$!
{
	archiveVersion = 1;
	classes = {
	};
	objectVersion = 55;
	objects = {

/* Begin PBXBuildFile section */
		B0223DC7272D3ABE00BEC68F /* AppDelegate.swift in Sources */ = {isa = PBXBuildFile; fileRef = B0223DC6272D3ABE00BEC68F /* AppDelegate.swift */; };
		B0223DC9272D3ABE00BEC68F /* SceneDelegate.swift in Sources */ = {isa = PBXBuildFile; fileRef = B0223DC8272D3ABE00BEC68F /* SceneDelegate.swift */; };
		B0223DCB272D3ABE00BEC68F /* ViewController.swift in Sources */ = {isa = PBXBuildFile; fileRef = B0223DCA272D3ABE00BEC68F /* ViewController.swift */; };
		B0223DCE272D3ABE00BEC68F /* Main.storyboard in Resources */ = {isa = PBXBuildFile; fileRef = B0223DCC272D3ABE00BEC68F /* Main.storyboard */; };
		B0223DD0272D3AC000BEC68F /* Assets.xcassets in Resources */ = {isa = PBXBuildFile; fileRef = B0223DCF272D3AC000BEC68F /* Assets.xcassets */; };
		B0223DD3272D3AC000BEC68F /* LaunchScreen.storyboard in Resources */ = {isa = PBXBuildFile; fileRef = B0223DD1272D3AC000BEC68F /* LaunchScreen.storyboard */; };
		F64FB40F03A5C7581542BA6F /* Pods_RxValidator.framework in Frameworks */ = {isa = PBXBuildFile; fileRef = 7681A9E5459CB62DC64783D5 /* Pods_RxValidator.framework */; };
/* End PBXBuildFile section */

/* Begin PBXFileReference section */
		25CDE904C7436E3D61F75C04 /* Pods-RxValidator.release.xcconfig */ = {isa = PBXFileReference; includeInIndex = 1; lastKnownFileType = text.xcconfig; name = "Pods-RxValidator.release.xcconfig"; path = "Target Support Files/Pods-RxValidator/Pods-RxValidator.release.xcconfig"; sourceTree = "<group>"; };
		7681A9E5459CB62DC64783D5 /* Pods_RxValidator.framework */ = {isa = PBXFileReference; explicitFileType = wrapper.framework; includeInIndex = 0; path = Pods_RxValidator.framework; sourceTree = BUILT_PRODUCTS_DIR; };
		981B293C4D13DA0B5719E5A9 /* Pods-RxValidator.debug.xcconfig */ = {isa = PBXFileReference; includeInIndex = 1; lastKnownFileType = text.xcconfig; name = "Pods-RxValidator.debug.xcconfig"; path = "Target Support Files/Pods-RxValidator/Pods-RxValidator.debug.xcconfig"; sourceTree = "<group>"; };
		B0223DC3272D3ABE00BEC68F /* RxValidator.app */ = {isa = PBXFileReference; explicitFileType = wrapper.application; includeInIndex = 0; path = RxValidator.app; sourceTree = BUILT_PRODUCTS_DIR; };
		B0223DC6272D3ABE00BEC68F /* AppDelegate.swift */ = {isa = PBXFileReference; lastKnownFileType = sourcecode.swift; path = AppDelegate.swift; sourceTree = "<group>"; };
		B0223DC8272D3ABE00BEC68F /* SceneDelegate.swift */ = {isa = PBXFileReference; lastKnownFileType = sourcecode.swift; path = SceneDelegate.swift; sourceTree = "<group>"; };
		B0223DCA272D3ABE00BEC68F /* ViewController.swift */ = {isa = PBXFileReference; lastKnownFileType = sourcecode.swift; path = ViewController.swift; sourceTree = "<group>"; };
		B0223DCD272D3ABE00BEC68F /* Base */ = {isa = PBXFileReference; lastKnownFileType = file.storyboard; name = Base; path = Base.lproj/Main.storyboard; sourceTree = "<group>"; };
		B0223DCF272D3AC000BEC68F /* Assets.xcassets */ = {isa = PBXFileReference; lastKnownFileType = folder.assetcatalog; path = Assets.xcassets; sourceTree = "<group>"; };
		B0223DD2272D3AC000BEC68F /* Base */ = {isa = PBXFileReference; lastKnownFileType = file.storyboard; name = Base; path = Base.lproj/LaunchScreen.storyboard; sourceTree = "<group>"; };
		B0223DD4272D3AC000BEC68F /* Info.plist */ = {isa = PBXFileReference; lastKnownFileType = text.plist.xml; path = Info.plist; sourceTree = "<group>"; };
/* End PBXFileReference section */

/* Begin PBXFrameworksBuildPhase section */
		B0223DC0272D3ABE00BEC68F /* Frameworks */ = {
			isa = PBXFrameworksBuildPhase;
			buildActionMask = 2147483647;
			files = (
				F64FB40F03A5C7581542BA6F /* Pods_RxValidator.framework in Frameworks */,
			);
			runOnlyForDeploymentPostprocessing = 0;
		};
/* End PBXFrameworksBuildPhase section */

/* Begin PBXGroup section */
		04A293A257EF0C407DE7DE43 /* Frameworks */ = {
			isa = PBXGroup;
			children = (
				7681A9E5459CB62DC64783D5 /* Pods_RxValidator.framework */,
			);
			name = Frameworks;
			sourceTree = "<group>";
		};
		8C197CD52F49913B1E40A44C /* Pods */ = {
			isa = PBXGroup;
			children = (
				981B293C4D13DA0B5719E5A9 /* Pods-RxValidator.debug.xcconfig */,
				25CDE904C7436E3D61F75C04 /* Pods-RxValidator.release.xcconfig */,
			);
			name = Pods;
			path = Pods;
			sourceTree = "<group>";
		};
		B0223DBA272D3ABE00BEC68F = {
			isa = PBXGroup;
			children = (
				B0223DC5272D3ABE00BEC68F /* RxValidator */,
				B0223DC4272D3ABE00BEC68F /* Products */,
				8C197CD52F49913B1E40A44C /* Pods */,
				04A293A257EF0C407DE7DE43 /* Frameworks */,
			);
			sourceTree = "<group>";
		};
		B0223DC4272D3ABE00BEC68F /* Products */ = {
			isa = PBXGroup;
			children = (
				B0223DC3272D3ABE00BEC68F /* RxValidator.app */,
			);
			name = Products;
			sourceTree = "<group>";
		};
		B0223DC5272D3ABE00BEC68F /* RxValidator */ = {
			isa = PBXGroup;
			children = (
				B0223DC6272D3ABE00BEC68F /* AppDelegate.swift */,
				B0223DC8272D3ABE00BEC68F /* SceneDelegate.swift */,
				B0223DCA272D3ABE00BEC68F /* ViewController.swift */,
				B0223DCC272D3ABE00BEC68F /* Main.storyboard */,
				B0223DCF272D3AC000BEC68F /* Assets.xcassets */,
				B0223DD1272D3AC000BEC68F /* LaunchScreen.storyboard */,
				B0223DD4272D3AC000BEC68F /* Info.plist */,
			);
			path = RxValidator;
			sourceTree = "<group>";
		};
/* End PBXGroup section */

/* Begin PBXNativeTarget section */
		B0223DC2272D3ABE00BEC68F /* RxValidator */ = {
			isa = PBXNativeTarget;
			buildConfigurationList = B0223DD7272D3AC000BEC68F /* Build configuration list for PBXNativeTarget "RxValidator" */;
			buildPhases = (
				887D43A00F67F68A198CDA55 /* [CP] Check Pods Manifest.lock */,
				B0223DBF272D3ABE00BEC68F /* Sources */,
				B0223DC0272D3ABE00BEC68F /* Frameworks */,
				B0223DC1272D3ABE00BEC68F /* Resources */,
				31F9E6EE68F902CA81616FB2 /* [CP] Embed Pods Frameworks */,
			);
			buildRules = (
			);
			dependencies = (
			);
			name = RxValidator;
			productName = RxValidator;
			productReference = B0223DC3272D3ABE00BEC68F /* RxValidator.app */;
			productType = "com.apple.product-type.application";
		};
/* End PBXNativeTarget section */

/* Begin PBXProject section */
		B0223DBB272D3ABE00BEC68F /* Project object */ = {
			isa = PBXProject;
			attributes = {
				BuildIndependentTargetsInParallel = 1;
				LastSwiftUpdateCheck = 1310;
				LastUpgradeCheck = 1310;
				TargetAttributes = {
					B0223DC2272D3ABE00BEC68F = {
						CreatedOnToolsVersion = 13.1;
					};
				};
			};
			buildConfigurationList = B0223DBE272D3ABE00BEC68F /* Build configuration list for PBXProject "RxValidator" */;
			compatibilityVersion = "Xcode 13.0";
			developmentRegion = en;
			hasScannedForEncodings = 0;
			knownRegions = (
				en,
				Base,
			);
			mainGroup = B0223DBA272D3ABE00BEC68F;
			productRefGroup = B0223DC4272D3ABE00BEC68F /* Products */;
			projectDirPath = "";
			projectRoot = "";
			targets = (
				B0223DC2272D3ABE00BEC68F /* RxValidator */,
			);
		};
/* End PBXProject section */

/* Begin PBXResourcesBuildPhase section */
		B0223DC1272D3ABE00BEC68F /* Resources */ = {
			isa = PBXResourcesBuildPhase;
			buildActionMask = 2147483647;
			files = (
				B0223DD3272D3AC000BEC68F /* LaunchScreen.storyboard in Resources */,
				B0223DD0272D3AC000BEC68F /* Assets.xcassets in Resources */,
				B0223DCE272D3ABE00BEC68F /* Main.storyboard in Resources */,
			);
			runOnlyForDeploymentPostprocessing = 0;
		};
/* End PBXResourcesBuildPhase section */

/* Begin PBXShellScriptBuildPhase section */
		31F9E6EE68F902CA81616FB2 /* [CP] Embed Pods Frameworks */ = {
			isa = PBXShellScriptBuildPhase;
			buildActionMask = 2147483647;
			files = (
			);
			inputFileListPaths = (
				"${PODS_ROOT}/Target Support Files/Pods-RxValidator/Pods-RxValidator-frameworks-${CONFIGURATION}-input-files.xcfilelist",
			);
			name = "[CP] Embed Pods Frameworks";
			outputFileListPaths = (
				"${PODS_ROOT}/Target Support Files/Pods-RxValidator/Pods-RxValidator-frameworks-${CONFIGURATION}-output-files.xcfilelist",
			);
			runOnlyForDeploymentPostprocessing = 0;
			shellPath = /bin/sh;
			shellScript = "\"${PODS_ROOT}/Target Support Files/Pods-RxValidator/Pods-RxValidator-frameworks.sh\"\n";
			showEnvVarsInLog = 0;
		};
		887D43A00F67F68A198CDA55 /* [CP] Check Pods Manifest.lock */ = {
			isa = PBXShellScriptBuildPhase;
			buildActionMask = 2147483647;
			files = (
			);
			inputFileListPaths = (
			);
			inputPaths = (
				"${PODS_PODFILE_DIR_PATH}/Podfile.lock",
				"${PODS_ROOT}/Manifest.lock",
			);
			name = "[CP] Check Pods Manifest.lock";
			outputFileListPaths = (
			);
			outputPaths = (
				"$(DERIVED_FILE_DIR)/Pods-RxValidator-checkManifestLockResult.txt",
			);
			runOnlyForDeploymentPostprocessing = 0;
			shellPath = /bin/sh;
			shellScript = "diff \"${PODS_PODFILE_DIR_PATH}/Podfile.lock\" \"${PODS_ROOT}/Manifest.lock\" > /dev/null\nif [ $? != 0 ] ; then\n    # print error to STDERR\n    echo \"error: The sandbox is not in sync with the Podfile.lock. Run 'pod install' or update your CocoaPods installation.\" >&2\n    exit 1\nfi\n# This output is used by Xcode 'outputs' to avoid re-running this script phase.\necho \"SUCCESS\" > \"${SCRIPT_OUTPUT_FILE_0}\"\n";
			showEnvVarsInLog = 0;
		};
/* End PBXShellScriptBuildPhase section */

/* Begin PBXSourcesBuildPhase section */
		B0223DBF272D3ABE00BEC68F /* Sources */ = {
			isa = PBXSourcesBuildPhase;
			buildActionMask = 2147483647;
			files = (
				B0223DCB272D3ABE00BEC68F /* ViewController.swift in Sources */,
				B0223DC7272D3ABE00BEC68F /* AppDelegate.swift in Sources */,
				B0223DC9272D3ABE00BEC68F /* SceneDelegate.swift in Sources */,
			);
			runOnlyForDeploymentPostprocessing = 0;
		};
/* End PBXSourcesBuildPhase section */

/* Begin PBXVariantGroup section */
		B0223DCC272D3ABE00BEC68F /* Main.storyboard */ = {
			isa = PBXVariantGroup;
			children = (
				B0223DCD272D3ABE00BEC68F /* Base */,
			);
			name = Main.storyboard;
			sourceTree = "<group>";
		};
		B0223DD1272D3AC000BEC68F /* LaunchScreen.storyboard */ = {
			isa = PBXVariantGroup;
			children = (
				B0223DD2272D3AC000BEC68F /* Base */,
			);
			name = LaunchScreen.storyboard;
			sourceTree = "<group>";
		};
/* End PBXVariantGroup section */

/* Begin XCBuildConfiguration section */
		B0223DD5272D3AC000BEC68F /* Debug */ = {
			isa = XCBuildConfiguration;
			buildSettings = {
				ALWAYS_SEARCH_USER_PATHS = NO;
				CLANG_ANALYZER_NONNULL = YES;
				CLANG_ANALYZER_NUMBER_OBJECT_CONVERSION = YES_AGGRESSIVE;
				CLANG_CXX_LANGUAGE_STANDARD = "gnu++17";
				CLANG_CXX_LIBRARY = "libc++";
				CLANG_ENABLE_MODULES = YES;
				CLANG_ENABLE_OBJC_ARC = YES;
				CLANG_ENABLE_OBJC_WEAK = YES;
				CLANG_WARN_BLOCK_CAPTURE_AUTORELEASING = YES;
				CLANG_WARN_BOOL_CONVERSION = YES;
				CLANG_WARN_COMMA = YES;
				CLANG_WARN_CONSTANT_CONVERSION = YES;
				CLANG_WARN_DEPRECATED_OBJC_IMPLEMENTATIONS = YES;
				CLANG_WARN_DIRECT_OBJC_ISA_USAGE = YES_ERROR;
				CLANG_WARN_DOCUMENTATION_COMMENTS = YES;
				CLANG_WARN_EMPTY_BODY = YES;
				CLANG_WARN_ENUM_CONVERSION = YES;
				CLANG_WARN_INFINITE_RECURSION = YES;
				CLANG_WARN_INT_CONVERSION = YES;
				CLANG_WARN_NON_LITERAL_NULL_CONVERSION = YES;
				CLANG_WARN_OBJC_IMPLICIT_RETAIN_SELF = YES;
				CLANG_WARN_OBJC_LITERAL_CONVERSION = YES;
				CLANG_WARN_OBJC_ROOT_CLASS = YES_ERROR;
				CLANG_WARN_QUOTED_INCLUDE_IN_FRAMEWORK_HEADER = YES;
				CLANG_WARN_RANGE_LOOP_ANALYSIS = YES;
				CLANG_WARN_STRICT_PROTOTYPES = YES;
				CLANG_WARN_SUSPICIOUS_MOVE = YES;
				CLANG_WARN_UNGUARDED_AVAILABILITY = YES_AGGRESSIVE;
				CLANG_WARN_UNREACHABLE_CODE = YES;
				CLANG_WARN__DUPLICATE_METHOD_MATCH = YES;
				COPY_PHASE_STRIP = NO;
				DEBUG_INFORMATION_FORMAT = dwarf;
				ENABLE_STRICT_OBJC_MSGSEND = YES;
				ENABLE_TESTABILITY = YES;
				GCC_C_LANGUAGE_STANDARD = gnu11;
				GCC_DYNAMIC_NO_PIC = NO;
				GCC_NO_COMMON_BLOCKS = YES;
				GCC_OPTIMIZATION_LEVEL = 0;
				GCC_PREPROCESSOR_DEFINITIONS = (
					"DEBUG=1",
					"$(inherited)",
				);
				GCC_WARN_64_TO_32_BIT_CONVERSION = YES;
				GCC_WARN_ABOUT_RETURN_TYPE = YES_ERROR;
				GCC_WARN_UNDECLARED_SELECTOR = YES;
				GCC_WARN_UNINITIALIZED_AUTOS = YES_AGGRESSIVE;
				GCC_WARN_UNUSED_FUNCTION = YES;
				GCC_WARN_UNUSED_VARIABLE = YES;
				IPHONEOS_DEPLOYMENT_TARGET = 15.0;
				MTL_ENABLE_DEBUG_INFO = INCLUDE_SOURCE;
				MTL_FAST_MATH = YES;
				ONLY_ACTIVE_ARCH = YES;
				SDKROOT = iphoneos;
				SWIFT_ACTIVE_COMPILATION_CONDITIONS = DEBUG;
				SWIFT_OPTIMIZATION_LEVEL = "-Onone";
			};
			name = Debug;
		};
		B0223DD6272D3AC000BEC68F /* Release */ = {
			isa = XCBuildConfiguration;
			buildSettings = {
				ALWAYS_SEARCH_USER_PATHS = NO;
				CLANG_ANALYZER_NONNULL = YES;
				CLANG_ANALYZER_NUMBER_OBJECT_CONVERSION = YES_AGGRESSIVE;
				CLANG_CXX_LANGUAGE_STANDARD = "gnu++17";
				CLANG_CXX_LIBRARY = "libc++";
				CLANG_ENABLE_MODULES = YES;
				CLANG_ENABLE_OBJC_ARC = YES;
				CLANG_ENABLE_OBJC_WEAK = YES;
				CLANG_WARN_BLOCK_CAPTURE_AUTORELEASING = YES;
				CLANG_WARN_BOOL_CONVERSION = YES;
				CLANG_WARN_COMMA = YES;
				CLANG_WARN_CONSTANT_CONVERSION = YES;
				CLANG_WARN_DEPRECATED_OBJC_IMPLEMENTATIONS = YES;
				CLANG_WARN_DIRECT_OBJC_ISA_USAGE = YES_ERROR;
				CLANG_WARN_DOCUMENTATION_COMMENTS = YES;
				CLANG_WARN_EMPTY_BODY = YES;
				CLANG_WARN_ENUM_CONVERSION = YES;
				CLANG_WARN_INFINITE_RECURSION = YES;
				CLANG_WARN_INT_CONVERSION = YES;
				CLANG_WARN_NON_LITERAL_NULL_CONVERSION = YES;
				CLANG_WARN_OBJC_IMPLICIT_RETAIN_SELF = YES;
				CLANG_WARN_OBJC_LITERAL_CONVERSION = YES;
				CLANG_WARN_OBJC_ROOT_CLASS = YES_ERROR;
				CLANG_WARN_QUOTED_INCLUDE_IN_FRAMEWORK_HEADER = YES;
				CLANG_WARN_RANGE_LOOP_ANALYSIS = YES;
				CLANG_WARN_STRICT_PROTOTYPES = YES;
				CLANG_WARN_SUSPICIOUS_MOVE = YES;
				CLANG_WARN_UNGUARDED_AVAILABILITY = YES_AGGRESSIVE;
				CLANG_WARN_UNREACHABLE_CODE = YES;
				CLANG_WARN__DUPLICATE_METHOD_MATCH = YES;
				COPY_PHASE_STRIP = NO;
				DEBUG_INFORMATION_FORMAT = "dwarf-with-dsym";
				ENABLE_NS_ASSERTIONS = NO;
				ENABLE_STRICT_OBJC_MSGSEND = YES;
				GCC_C_LANGUAGE_STANDARD = gnu11;
				GCC_NO_COMMON_BLOCKS = YES;
				GCC_WARN_64_TO_32_BIT_CONVERSION = YES;
				GCC_WARN_ABOUT_RETURN_TYPE = YES_ERROR;
				GCC_WARN_UNDECLARED_SELECTOR = YES;
				GCC_WARN_UNINITIALIZED_AUTOS = YES_AGGRESSIVE;
				GCC_WARN_UNUSED_FUNCTION = YES;
				GCC_WARN_UNUSED_VARIABLE = YES;
				IPHONEOS_DEPLOYMENT_TARGET = 15.0;
				MTL_ENABLE_DEBUG_INFO = NO;
				MTL_FAST_MATH = YES;
				SDKROOT = iphoneos;
				SWIFT_COMPILATION_MODE = wholemodule;
				SWIFT_OPTIMIZATION_LEVEL = "-O";
				VALIDATE_PRODUCT = YES;
			};
			name = Release;
		};
		B0223DD8272D3AC000BEC68F /* Debug */ = {
			isa = XCBuildConfiguration;
			baseConfigurationReference = 981B293C4D13DA0B5719E5A9 /* Pods-RxValidator.debug.xcconfig */;
			buildSettings = {
				ASSETCATALOG_COMPILER_APPICON_NAME = AppIcon;
				ASSETCATALOG_COMPILER_GLOBAL_ACCENT_COLOR_NAME = AccentColor;
				CODE_SIGN_STYLE = Automatic;
				CURRENT_PROJECT_VERSION = 1;
				GENERATE_INFOPLIST_FILE = YES;
				INFOPLIST_FILE = RxValidator/Info.plist;
				INFOPLIST_KEY_UIApplicationSupportsIndirectInputEvents = YES;
				INFOPLIST_KEY_UILaunchStoryboardName = LaunchScreen;
				INFOPLIST_KEY_UIMainStoryboardFile = Main;
				INFOPLIST_KEY_UISupportedInterfaceOrientations_iPad = "UIInterfaceOrientationPortrait UIInterfaceOrientationPortraitUpsideDown UIInterfaceOrientationLandscapeLeft UIInterfaceOrientationLandscapeRight";
				INFOPLIST_KEY_UISupportedInterfaceOrientations_iPhone = "UIInterfaceOrientationPortrait UIInterfaceOrientationLandscapeLeft UIInterfaceOrientationLandscapeRight";
				LD_RUNPATH_SEARCH_PATHS = (
					"$(inherited)",
					"@executable_path/Frameworks",
				);
				MARKETING_VERSION = 1.0;
				PRODUCT_BUNDLE_IDENTIFIER = io.github.jeonyeohun.RxValidator;
				PRODUCT_NAME = "$(TARGET_NAME)";
				SWIFT_EMIT_LOC_STRINGS = YES;
				SWIFT_VERSION = 5.0;
				TARGETED_DEVICE_FAMILY = "1,2";
			};
			name = Debug;
		};
		B0223DD9272D3AC000BEC68F /* Release */ = {
			isa = XCBuildConfiguration;
			baseConfigurationReference = 25CDE904C7436E3D61F75C04 /* Pods-RxValidator.release.xcconfig */;
			buildSettings = {
				ASSETCATALOG_COMPILER_APPICON_NAME = AppIcon;
				ASSETCATALOG_COMPILER_GLOBAL_ACCENT_COLOR_NAME = AccentColor;
				CODE_SIGN_STYLE = Automatic;
				CURRENT_PROJECT_VERSION = 1;
				GENERATE_INFOPLIST_FILE = YES;
				INFOPLIST_FILE = RxValidator/Info.plist;
				INFOPLIST_KEY_UIApplicationSupportsIndirectInputEvents = YES;
				INFOPLIST_KEY_UILaunchStoryboardName = LaunchScreen;
				INFOPLIST_KEY_UIMainStoryboardFile = Main;
				INFOPLIST_KEY_UISupportedInterfaceOrientations_iPad = "UIInterfaceOrientationPortrait UIInterfaceOrientationPortraitUpsideDown UIInterfaceOrientationLandscapeLeft UIInterfaceOrientationLandscapeRight";
				INFOPLIST_KEY_UISupportedInterfaceOrientations_iPhone = "UIInterfaceOrientationPortrait UIInterfaceOrientationLandscapeLeft UIInterfaceOrientationLandscapeRight";
				LD_RUNPATH_SEARCH_PATHS = (
					"$(inherited)",
					"@executable_path/Frameworks",
				);
				MARKETING_VERSION = 1.0;
				PRODUCT_BUNDLE_IDENTIFIER = io.github.jeonyeohun.RxValidator;
				PRODUCT_NAME = "$(TARGET_NAME)";
				SWIFT_EMIT_LOC_STRINGS = YES;
				SWIFT_VERSION = 5.0;
				TARGETED_DEVICE_FAMILY = "1,2";
			};
			name = Release;
		};
/* End XCBuildConfiguration section */

/* Begin XCConfigurationList section */
		B0223DBE272D3ABE00BEC68F /* Build configuration list for PBXProject "RxValidator" */ = {
			isa = XCConfigurationList;
			buildConfigurations = (
				B0223DD5272D3AC000BEC68F /* Debug */,
				B0223DD6272D3AC000BEC68F /* Release */,
			);
			defaultConfigurationIsVisible = 0;
			defaultConfigurationName = Release;
		};
		B0223DD7272D3AC000BEC68F /* Build configuration list for PBXNativeTarget "RxValidator" */ = {
			isa = XCConfigurationList;
			buildConfigurations = (
				B0223DD8272D3AC000BEC68F /* Debug */,
				B0223DD9272D3AC000BEC68F /* Release */,
			);
			defaultConfigurationIsVisible = 0;
			defaultConfigurationName = Release;
		};
/* End XCConfigurationList section */
	};
	rootObject = B0223DBB272D3ABE00BEC68F /* Project object */;
}
